{
  "name": "wollok-lsp-ide-server",
  "version": "0.0.1",
  "lockfileVersion": 2,
  "requires": true,
  "packages": {
    "": {
      "name": "wollok-lsp-ide-server",
      "version": "0.0.1",
      "license": "LGPL-3.0",
      "dependencies": {
        "prettier-printer": "^1.1.4",
        "rxjs": "^7.8.1",
        "vscode-languageserver": "^8.0.1",
        "vscode-languageserver-textdocument": "^1.0.5"
      },
      "engines": {
        "node": "*"
      }
    },
    "node_modules/infestines": {
      "version": "0.4.11",
      "resolved": "https://registry.npmjs.org/infestines/-/infestines-0.4.11.tgz",
      "integrity": "sha512-09nHagZLOYUaXKHqdV+nxEaYaD0hRlKyhQMhgTMwfbvWpMkowXf4XLZzAkLq6Y90wZ7Wqm6aMoL2trBsNNKGeg=="
    },
    "node_modules/partial.lenses": {
      "version": "14.17.0",
      "resolved": "https://registry.npmjs.org/partial.lenses/-/partial.lenses-14.17.0.tgz",
      "integrity": "sha512-Iq+wDw5b5iwmn7b9MO+//buOqF0YoAC2Hsj+HoeG88BGeT3NkL/YwHNGDrySyX7xZSqj0LFEWwfgGSj4cSFmXQ==",
      "dependencies": {
        "infestines": "^0.4.11"
      }
    },
    "node_modules/partial.lenses.validation": {
      "version": "2.0.0",
      "resolved": "https://registry.npmjs.org/partial.lenses.validation/-/partial.lenses.validation-2.0.0.tgz",
      "integrity": "sha512-NBZhmrunQWc4Ih5pJGYPHCEJfjIITPEkYn0Z6YB8qmW0iN4ZeqN0eZTWAPAH8MxjsEGx3G+8xnTMsEHbzy0k/A==",
      "dependencies": {
        "infestines": "^0.4.10",
        "partial.lenses": "^14.0.0"
      }
    },
    "node_modules/prettier-printer": {
      "version": "1.1.4",
      "resolved": "https://registry.npmjs.org/prettier-printer/-/prettier-printer-1.1.4.tgz",
      "integrity": "sha512-gQIWF7PKVknRcMoZ4Lsqj2icc97W+Q9JTa7xQgNem07yZFzOimUPq50N5oRfKkSRBZT8QqrVW1IBEMBPWqjBgQ==",
      "dependencies": {
        "infestines": "^0.4.11",
        "partial.lenses.validation": "^2.0.0"
      }
    },
    "node_modules/rxjs": {
      "version": "7.8.1",
      "resolved": "https://registry.npmjs.org/rxjs/-/rxjs-7.8.1.tgz",
      "integrity": "sha512-AA3TVj+0A2iuIoQkWEK/tqFjBq2j+6PO6Y0zJcvzLAFhEFIO3HL0vls9hWLncZbAAbK0mar7oZ4V079I/qPMxg==",
      "dependencies": {
        "tslib": "^2.1.0"
      }
    },
    "node_modules/tslib": {
      "version": "2.6.2",
      "resolved": "https://registry.npmjs.org/tslib/-/tslib-2.6.2.tgz",
      "integrity": "sha512-AEYxH93jGFPn/a2iVAwW87VuUIkR1FVUKB77NwMF7nBTDkDrrT/Hpt/IrCJ0QXhW27jTBDcf5ZY7w6RiqTMw2Q=="
    },
    "node_modules/vscode-jsonrpc": {
      "version": "8.0.1",
      "resolved": "https://registry.npmjs.org/vscode-jsonrpc/-/vscode-jsonrpc-8.0.1.tgz",
      "integrity": "sha512-N/WKvghIajmEvXpatSzvTvOIz61ZSmOSa4BRA4pTLi+1+jozquQKP/MkaylP9iB68k73Oua1feLQvH3xQuigiQ==",
      "engines": {
        "node": ">=14.0.0"
      }
    },
    "node_modules/vscode-languageserver": {
      "version": "8.0.1",
      "resolved": "https://registry.npmjs.org/vscode-languageserver/-/vscode-languageserver-8.0.1.tgz",
      "integrity": "sha512-sn7SjBwWm3OlmLtgg7jbM0wBULppyL60rj8K5HF0ny/MzN+GzPBX1kCvYdybhl7UW63V5V5tRVnyB8iwC73lSQ==",
      "dependencies": {
        "vscode-languageserver-protocol": "3.17.1"
      },
      "bin": {
        "installServerIntoExtension": "bin/installServerIntoExtension"
      }
    },
    "node_modules/vscode-languageserver-protocol": {
      "version": "3.17.1",
      "resolved": "https://registry.npmjs.org/vscode-languageserver-protocol/-/vscode-languageserver-protocol-3.17.1.tgz",
      "integrity": "sha512-BNlAYgQoYwlSgDLJhSG+DeA8G1JyECqRzM2YO6tMmMji3Ad9Mw6AW7vnZMti90qlAKb0LqAlJfSVGEdqMMNzKg==",
      "dependencies": {
        "vscode-jsonrpc": "8.0.1",
        "vscode-languageserver-types": "3.17.1"
      }
    },
    "node_modules/vscode-languageserver-textdocument": {
      "version": "1.0.5",
      "resolved": "https://registry.npmjs.org/vscode-languageserver-textdocument/-/vscode-languageserver-textdocument-1.0.5.tgz",
      "integrity": "sha512-1ah7zyQjKBudnMiHbZmxz5bYNM9KKZYz+5VQLj+yr8l+9w3g+WAhCkUkWbhMEdC5u0ub4Ndiye/fDyS8ghIKQg=="
    },
    "node_modules/vscode-languageserver-types": {
      "version": "3.17.1",
      "resolved": "https://registry.npmjs.org/vscode-languageserver-types/-/vscode-languageserver-types-3.17.1.tgz",
      "integrity": "sha512-K3HqVRPElLZVVPtMeKlsyL9aK0GxGQpvtAUTfX4k7+iJ4mc1M+JM+zQwkgGy2LzY0f0IAafe8MKqIkJrxfGGjQ=="
    }
  },
  "dependencies": {
    "infestines": {
      "version": "0.4.11",
      "resolved": "https://registry.npmjs.org/infestines/-/infestines-0.4.11.tgz",
      "integrity": "sha512-09nHagZLOYUaXKHqdV+nxEaYaD0hRlKyhQMhgTMwfbvWpMkowXf4XLZzAkLq6Y90wZ7Wqm6aMoL2trBsNNKGeg=="
    },
    "partial.lenses": {
      "version": "14.17.0",
      "resolved": "https://registry.npmjs.org/partial.lenses/-/partial.lenses-14.17.0.tgz",
      "integrity": "sha512-Iq+wDw5b5iwmn7b9MO+//buOqF0YoAC2Hsj+HoeG88BGeT3NkL/YwHNGDrySyX7xZSqj0LFEWwfgGSj4cSFmXQ==",
      "requires": {
        "infestines": "^0.4.11"
      }
    },
    "partial.lenses.validation": {
      "version": "2.0.0",
      "resolved": "https://registry.npmjs.org/partial.lenses.validation/-/partial.lenses.validation-2.0.0.tgz",
      "integrity": "sha512-NBZhmrunQWc4Ih5pJGYPHCEJfjIITPEkYn0Z6YB8qmW0iN4ZeqN0eZTWAPAH8MxjsEGx3G+8xnTMsEHbzy0k/A==",
      "requires": {
        "infestines": "^0.4.10",
        "partial.lenses": "^14.0.0"
      }
    },
    "prettier-printer": {
      "version": "1.1.4",
      "resolved": "https://registry.npmjs.org/prettier-printer/-/prettier-printer-1.1.4.tgz",
      "integrity": "sha512-gQIWF7PKVknRcMoZ4Lsqj2icc97W+Q9JTa7xQgNem07yZFzOimUPq50N5oRfKkSRBZT8QqrVW1IBEMBPWqjBgQ==",
      "requires": {
        "infestines": "^0.4.11",
        "partial.lenses.validation": "^2.0.0"
      }
    },
    "rxjs": {
      "version": "7.8.1",
      "resolved": "https://registry.npmjs.org/rxjs/-/rxjs-7.8.1.tgz",
      "integrity": "sha512-AA3TVj+0A2iuIoQkWEK/tqFjBq2j+6PO6Y0zJcvzLAFhEFIO3HL0vls9hWLncZbAAbK0mar7oZ4V079I/qPMxg==",
      "requires": {
        "tslib": "^2.1.0"
      }
    },
    "tslib": {
      "version": "2.6.2",
      "resolved": "https://registry.npmjs.org/tslib/-/tslib-2.6.2.tgz",
      "integrity": "sha512-AEYxH93jGFPn/a2iVAwW87VuUIkR1FVUKB77NwMF7nBTDkDrrT/Hpt/IrCJ0QXhW27jTBDcf5ZY7w6RiqTMw2Q=="
    },
    "vscode-jsonrpc": {
      "version": "8.0.1",
      "resolved": "https://registry.npmjs.org/vscode-jsonrpc/-/vscode-jsonrpc-8.0.1.tgz",
      "integrity": "sha512-N/WKvghIajmEvXpatSzvTvOIz61ZSmOSa4BRA4pTLi+1+jozquQKP/MkaylP9iB68k73Oua1feLQvH3xQuigiQ=="
    },
    "vscode-languageserver": {
      "version": "8.0.1",
      "resolved": "https://registry.npmjs.org/vscode-languageserver/-/vscode-languageserver-8.0.1.tgz",
      "integrity": "sha512-sn7SjBwWm3OlmLtgg7jbM0wBULppyL60rj8K5HF0ny/MzN+GzPBX1kCvYdybhl7UW63V5V5tRVnyB8iwC73lSQ==",
      "requires": {
        "vscode-languageserver-protocol": "3.17.1"
      }
    },
    "vscode-languageserver-protocol": {
      "version": "3.17.1",
      "resolved": "https://registry.npmjs.org/vscode-languageserver-protocol/-/vscode-languageserver-protocol-3.17.1.tgz",
      "integrity": "sha512-BNlAYgQoYwlSgDLJhSG+DeA8G1JyECqRzM2YO6tMmMji3Ad9Mw6AW7vnZMti90qlAKb0LqAlJfSVGEdqMMNzKg==",
      "requires": {
        "vscode-jsonrpc": "8.0.1",
        "vscode-languageserver-types": "3.17.1"
      }
    },
    "vscode-languageserver-textdocument": {
      "version": "1.0.5",
      "resolved": "https://registry.npmjs.org/vscode-languageserver-textdocument/-/vscode-languageserver-textdocument-1.0.5.tgz",
      "integrity": "sha512-1ah7zyQjKBudnMiHbZmxz5bYNM9KKZYz+5VQLj+yr8l+9w3g+WAhCkUkWbhMEdC5u0ub4Ndiye/fDyS8ghIKQg=="
    },
    "vscode-languageserver-types": {
      "version": "3.17.1",
      "resolved": "https://registry.npmjs.org/vscode-languageserver-types/-/vscode-languageserver-types-3.17.1.tgz",
      "integrity": "sha512-K3HqVRPElLZVVPtMeKlsyL9aK0GxGQpvtAUTfX4k7+iJ4mc1M+JM+zQwkgGy2LzY0f0IAafe8MKqIkJrxfGGjQ=="
    }
  }
}
